
Microsoft Visual Studio Solution File, Format Version 12.00
# Visual Studio Version 16
VisualStudioVersion = 16.0.31911.196
MinimumVisualStudioVersion = 10.0.40219.1
Project("{FAE04EC0-301F-11D3-BF4B-00C04F79EFBC}") = "Benitton", "Benitton\Benitton.csproj", "{DC6B8221-FE9B-4463-9500-775D1EBA35EA}"
EndProject
Global
	GlobalSection(SolutionConfigurationPlatforms) = preSolution
		Debug|Any CPU = Debug|Any CPU
		Release|Any CPU = Release|Any CPU
	EndGlobalSection
	GlobalSection(ProjectConfigurationPlatforms) = postSolution
		{DC6B8221-FE9B-4463-9500-775D1EBA35EA}.Debug|Any CPU.ActiveCfg = Debug|Any CPU
		{DC6B8221-FE9B-4463-9500-775D1EBA35EA}.Debug|Any CPU.Build.0 = Debug|Any CPU
		{DC6B8221-FE9B-4463-9500-775D1EBA35EA}.Release|Any CPU.ActiveCfg = Release|Any CPU
		{DC6B8221-FE9B-4463-9500-775D1EBA35EA}.Release|Any CPU.Build.0 = Release|Any CPU
	EndGlobalSection
	GlobalSection(SolutionProperties) = preSolution
		HideSolutionNode = FALSE
	EndGlobalSection
	GlobalSection(ExtensibilityGlobals) = postSolution
		SolutionGuid = {47D292BC-0E65-4388-846C-5CF07709C853}
	EndGlobalSection
EndGlobal
